// !$*UTF8*$!
{
	archiveVersion = 1;
	classes = {
	};
	objectVersion = 51;
	objects = {

/* Begin PBXBuildFile section */
		7BB114CF2557EB035E008398 /* Pods_dev_Shell_Smart_Ticketing_RetailerTests.framework in Frameworks */ = {isa = PBXBuildFile; fileRef = F2EAB3E06DED9E205279B394 /* Pods_dev_Shell_Smart_Ticketing_RetailerTests.framework */; };
		A076ED75249246DF00993053 /* LoginRestManager.swift in Sources */ = {isa = PBXBuildFile; fileRef = A076ED74249246DF00993053 /* LoginRestManager.swift */; };
		A076ED76249246DF00993053 /* LoginRestManager.swift in Sources */ = {isa = PBXBuildFile; fileRef = A076ED74249246DF00993053 /* LoginRestManager.swift */; };
		A076ED7A2492499200993053 /* LoginViewModel.swift in Sources */ = {isa = PBXBuildFile; fileRef = A076ED792492499200993053 /* LoginViewModel.swift */; };
		A076ED7B2492499200993053 /* LoginViewModel.swift in Sources */ = {isa = PBXBuildFile; fileRef = A076ED792492499200993053 /* LoginViewModel.swift */; };
		A076ED7D24924B8100993053 /* User.swift in Sources */ = {isa = PBXBuildFile; fileRef = A076ED7C24924B8100993053 /* User.swift */; };
		A076ED7E24924B8100993053 /* User.swift in Sources */ = {isa = PBXBuildFile; fileRef = A076ED7C24924B8100993053 /* User.swift */; };
		A076ED8024924BA900993053 /* UserViewModel.swift in Sources */ = {isa = PBXBuildFile; fileRef = A076ED7F24924BA900993053 /* UserViewModel.swift */; };
		A076ED8124924BA900993053 /* UserViewModel.swift in Sources */ = {isa = PBXBuildFile; fileRef = A076ED7F24924BA900993053 /* UserViewModel.swift */; };
		A076ED8324924C2700993053 /* LoginError.swift in Sources */ = {isa = PBXBuildFile; fileRef = A076ED8224924C2700993053 /* LoginError.swift */; };
		A076ED8424924C2700993053 /* LoginError.swift in Sources */ = {isa = PBXBuildFile; fileRef = A076ED8224924C2700993053 /* LoginError.swift */; };
		A076ED8A249251CE00993053 /* MBProgressHUD.m in Sources */ = {isa = PBXBuildFile; fileRef = A076ED88249251CE00993053 /* MBProgressHUD.m */; };
		A076ED8B249251CE00993053 /* MBProgressHUD.m in Sources */ = {isa = PBXBuildFile; fileRef = A076ED88249251CE00993053 /* MBProgressHUD.m */; };
		A076ED8E2492520F00993053 /* UIViewController+ActivityIndicator.swift in Sources */ = {isa = PBXBuildFile; fileRef = A076ED8D2492520F00993053 /* UIViewController+ActivityIndicator.swift */; };
		A076ED8F2492520F00993053 /* UIViewController+ActivityIndicator.swift in Sources */ = {isa = PBXBuildFile; fileRef = A076ED8D2492520F00993053 /* UIViewController+ActivityIndicator.swift */; };
		A076ED91249254A100993053 /* Default.swift in Sources */ = {isa = PBXBuildFile; fileRef = A076ED90249254A100993053 /* Default.swift */; };
		A076ED92249254A100993053 /* Default.swift in Sources */ = {isa = PBXBuildFile; fileRef = A076ED90249254A100993053 /* Default.swift */; };
		A076ED942492568F00993053 /* Connectivity.swift in Sources */ = {isa = PBXBuildFile; fileRef = A076ED932492568F00993053 /* Connectivity.swift */; };
		A076ED952492568F00993053 /* Connectivity.swift in Sources */ = {isa = PBXBuildFile; fileRef = A076ED932492568F00993053 /* Connectivity.swift */; };
		A076ED9824925E8D00993053 /* String+Verifier.swift in Sources */ = {isa = PBXBuildFile; fileRef = A076ED9724925E8D00993053 /* String+Verifier.swift */; };
		A076ED9924925E8D00993053 /* String+Verifier.swift in Sources */ = {isa = PBXBuildFile; fileRef = A076ED9724925E8D00993053 /* String+Verifier.swift */; };
		A076ED9B24926FF000993053 /* Logger.swift in Sources */ = {isa = PBXBuildFile; fileRef = A076ED9A24926FF000993053 /* Logger.swift */; };
		A076ED9C24926FF000993053 /* Logger.swift in Sources */ = {isa = PBXBuildFile; fileRef = A076ED9A24926FF000993053 /* Logger.swift */; };
		A0D7A4B5249094FD0017A0CC /* RestAPIManager.swift in Sources */ = {isa = PBXBuildFile; fileRef = A0D7A4B4249094FD0017A0CC /* RestAPIManager.swift */; };
		A0D7A4B6249094FD0017A0CC /* RestAPIManager.swift in Sources */ = {isa = PBXBuildFile; fileRef = A0D7A4B4249094FD0017A0CC /* RestAPIManager.swift */; };
		A0D7A4B8249099EF0017A0CC /* WorkOrderRestManager.swift in Sources */ = {isa = PBXBuildFile; fileRef = A0D7A4B7249099EF0017A0CC /* WorkOrderRestManager.swift */; };
		A0D7A4B9249099EF0017A0CC /* WorkOrderRestManager.swift in Sources */ = {isa = PBXBuildFile; fileRef = A0D7A4B7249099EF0017A0CC /* WorkOrderRestManager.swift */; };
		A0D7A4BB24909AE00017A0CC /* RestConstants.swift in Sources */ = {isa = PBXBuildFile; fileRef = A0D7A4BA24909AE00017A0CC /* RestConstants.swift */; };
		A0D7A4BC24909AE00017A0CC /* RestConstants.swift in Sources */ = {isa = PBXBuildFile; fileRef = A0D7A4BA24909AE00017A0CC /* RestConstants.swift */; };
		A0D7A4BE2490A0190017A0CC /* CustomError.swift in Sources */ = {isa = PBXBuildFile; fileRef = A0D7A4BD2490A0190017A0CC /* CustomError.swift */; };
		A0D7A4BF2490A0190017A0CC /* CustomError.swift in Sources */ = {isa = PBXBuildFile; fileRef = A0D7A4BD2490A0190017A0CC /* CustomError.swift */; };
		A0D7A4C52490A14B0017A0CC /* RegistrationError.swift in Sources */ = {isa = PBXBuildFile; fileRef = A0D7A4C42490A14B0017A0CC /* RegistrationError.swift */; };
		A0D7A4C62490A14B0017A0CC /* RegistrationError.swift in Sources */ = {isa = PBXBuildFile; fileRef = A0D7A4C42490A14B0017A0CC /* RegistrationError.swift */; };
		AF20975424726D6B0007E4DA /* Home.storyboard in Resources */ = {isa = PBXBuildFile; fileRef = AF20975324726D6B0007E4DA /* Home.storyboard */; };
		AF2B8EC4247B9BD200A959F6 /* NewWorkOrder.storyboard in Resources */ = {isa = PBXBuildFile; fileRef = AF2B8EC3247B9BD200A959F6 /* NewWorkOrder.storyboard */; };
		AF680685248514150078AD6D /* SelectEquipmentLayout.xib in Resources */ = {isa = PBXBuildFile; fileRef = AF680684248514150078AD6D /* SelectEquipmentLayout.xib */; };
		AF680687248517300078AD6D /* SelectEquipmentViewController.swift in Sources */ = {isa = PBXBuildFile; fileRef = AF680686248517300078AD6D /* SelectEquipmentViewController.swift */; };
		AF68068924851B620078AD6D /* SelectEquipmentLayoutTableViewCell.swift in Sources */ = {isa = PBXBuildFile; fileRef = AF68068824851B620078AD6D /* SelectEquipmentLayoutTableViewCell.swift */; };
		AF68068B248529B10078AD6D /* SelectDispensorCategoryCell.xib in Resources */ = {isa = PBXBuildFile; fileRef = AF68068A248529B10078AD6D /* SelectDispensorCategoryCell.xib */; };
		AF68068D24852A310078AD6D /* SelectDispensorCategoryTableViewCell.swift in Sources */ = {isa = PBXBuildFile; fileRef = AF68068C24852A310078AD6D /* SelectDispensorCategoryTableViewCell.swift */; };
		AF68069224852E490078AD6D /* DispenserTableViewCell.swift in Sources */ = {isa = PBXBuildFile; fileRef = AF68069024852E490078AD6D /* DispenserTableViewCell.swift */; };
		AF68069324852E490078AD6D /* DispenserTableViewCell.xib in Resources */ = {isa = PBXBuildFile; fileRef = AF68069124852E490078AD6D /* DispenserTableViewCell.xib */; };
		AF680695248531F40078AD6D /* TableViewHeader.swift in Sources */ = {isa = PBXBuildFile; fileRef = AF680694248531F40078AD6D /* TableViewHeader.swift */; };
		AF680697248531FD0078AD6D /* TableViewHeader.xib in Resources */ = {isa = PBXBuildFile; fileRef = AF680696248531FD0078AD6D /* TableViewHeader.xib */; };
		AF682D40248B781700324D83 /* WorkOrderDetailHeaderCell.swift in Sources */ = {isa = PBXBuildFile; fileRef = AF682D3E248B781700324D83 /* WorkOrderDetailHeaderCell.swift */; };
		AF682D41248B781700324D83 /* WorkOrderDetailHeaderCell.xib in Resources */ = {isa = PBXBuildFile; fileRef = AF682D3F248B781700324D83 /* WorkOrderDetailHeaderCell.xib */; };
		AF682D44248B981E00324D83 /* PreliminaryCheckTableViewCell.swift in Sources */ = {isa = PBXBuildFile; fileRef = AF682D42248B981E00324D83 /* PreliminaryCheckTableViewCell.swift */; };
		AF682D45248B981E00324D83 /* PreliminaryCheckTableViewCell.xib in Resources */ = {isa = PBXBuildFile; fileRef = AF682D43248B981E00324D83 /* PreliminaryCheckTableViewCell.xib */; };
		AF682D48248B9F5A00324D83 /* PhotoEvidenceTableViewCell.swift in Sources */ = {isa = PBXBuildFile; fileRef = AF682D46248B9F5A00324D83 /* PhotoEvidenceTableViewCell.swift */; };
		AF682D49248B9F5A00324D83 /* PhotoEvidenceTableViewCell.xib in Resources */ = {isa = PBXBuildFile; fileRef = AF682D47248B9F5A00324D83 /* PhotoEvidenceTableViewCell.xib */; };
		AF6880D42473F19900D50BAA /* HomeViewController.swift in Sources */ = {isa = PBXBuildFile; fileRef = AF6880D32473F19900D50BAA /* HomeViewController.swift */; };
		AF6880DA2473F53A00D50BAA /* HomeTableViewCell.swift in Sources */ = {isa = PBXBuildFile; fileRef = AF6880D82473F53A00D50BAA /* HomeTableViewCell.swift */; };
		AF6880DB2473F53A00D50BAA /* HomeTableViewCell.xib in Resources */ = {isa = PBXBuildFile; fileRef = AF6880D92473F53A00D50BAA /* HomeTableViewCell.xib */; };
		AF6AB0FE2487DA1100E9B712 /* VehicleTypeTableViewCell.swift in Sources */ = {isa = PBXBuildFile; fileRef = AF6AB0FC2487DA1100E9B712 /* VehicleTypeTableViewCell.swift */; };
		AF6AB0FF2487DA1100E9B712 /* VehicleTypeTableViewCell.xib in Resources */ = {isa = PBXBuildFile; fileRef = AF6AB0FD2487DA1100E9B712 /* VehicleTypeTableViewCell.xib */; };
		AF6AB1012487E15200E9B712 /* SelectedAreaView.swift in Sources */ = {isa = PBXBuildFile; fileRef = AF6AB1002487E15200E9B712 /* SelectedAreaView.swift */; };
		AF6AB1032487E16400E9B712 /* SelectedAreaView.xib in Resources */ = {isa = PBXBuildFile; fileRef = AF6AB1022487E16400E9B712 /* SelectedAreaView.xib */; };
		AF6B549624766A9000A02DEB /* Montserrat-SemiBold.ttf in Resources */ = {isa = PBXBuildFile; fileRef = AF6B549324766A9000A02DEB /* Montserrat-SemiBold.ttf */; };
		AF6B549724766A9000A02DEB /* Montserrat-Bold.ttf in Resources */ = {isa = PBXBuildFile; fileRef = AF6B549424766A9000A02DEB /* Montserrat-Bold.ttf */; };
		AF6B549824766A9000A02DEB /* Montserrat-Regular.ttf in Resources */ = {isa = PBXBuildFile; fileRef = AF6B549524766A9000A02DEB /* Montserrat-Regular.ttf */; };
		AF6B549A24766E7C00A02DEB /* Montserrat-Medium.ttf in Resources */ = {isa = PBXBuildFile; fileRef = AF6B549924766E7C00A02DEB /* Montserrat-Medium.ttf */; };
		AF6E4F86247BD216004BD793 /* NewWorkOrderDetailViewController.swift in Sources */ = {isa = PBXBuildFile; fileRef = AF6E4F85247BD216004BD793 /* NewWorkOrderDetailViewController.swift */; };
		AF6E4F88247BD796004BD793 /* CustomNavView.xib in Resources */ = {isa = PBXBuildFile; fileRef = AF6E4F87247BD796004BD793 /* CustomNavView.xib */; };
		AF6F03092477FEA400916CDE /* HomeTabBarViewController.swift in Sources */ = {isa = PBXBuildFile; fileRef = AF6F03082477FEA400916CDE /* HomeTabBarViewController.swift */; };
		AF706B55248F919C00D97B5E /* Localizable.strings in Resources */ = {isa = PBXBuildFile; fileRef = AF706B54248F919C00D97B5E /* Localizable.strings */; };
		AF706B58248FA00600D97B5E /* UIConstants.swift in Sources */ = {isa = PBXBuildFile; fileRef = AF706B57248FA00600D97B5E /* UIConstants.swift */; };
		AF709839247D16B00046549A /* NewWorkOrderDetailCollectionViewCell.swift in Sources */ = {isa = PBXBuildFile; fileRef = AF709838247D16B00046549A /* NewWorkOrderDetailCollectionViewCell.swift */; };
		AF727588246AB385002AD121 /* PhoneNumberViewController.swift in Sources */ = {isa = PBXBuildFile; fileRef = AF727587246AB385002AD121 /* PhoneNumberViewController.swift */; };
		AF72758A246AB3BE002AD121 /* PassWordViewController.swift in Sources */ = {isa = PBXBuildFile; fileRef = AF727589246AB3BE002AD121 /* PassWordViewController.swift */; };
		AF72758C246AB3E9002AD121 /* LogInViewController.swift in Sources */ = {isa = PBXBuildFile; fileRef = AF72758B246AB3E9002AD121 /* LogInViewController.swift */; };
		AF72758E246AB41F002AD121 /* EmailIdViewController.swift in Sources */ = {isa = PBXBuildFile; fileRef = AF72758D246AB41F002AD121 /* EmailIdViewController.swift */; };
		AF733A91248D21F600284239 /* NewWorkOrderDetailsViewController.swift in Sources */ = {isa = PBXBuildFile; fileRef = AF733A90248D21F600284239 /* NewWorkOrderDetailsViewController.swift */; };
		AF733A94248D367700284239 /* SelectedEquipmentTableViewCell.swift in Sources */ = {isa = PBXBuildFile; fileRef = AF733A92248D367700284239 /* SelectedEquipmentTableViewCell.swift */; };
		AF733A95248D367700284239 /* SelectedEquipmentTableViewCell.xib in Resources */ = {isa = PBXBuildFile; fileRef = AF733A93248D367700284239 /* SelectedEquipmentTableViewCell.xib */; };
		AF733A97248D48B200284239 /* DefaultTableViewCell.swift in Sources */ = {isa = PBXBuildFile; fileRef = AF733A96248D48B200284239 /* DefaultTableViewCell.swift */; };
		AF73F5A4248A318400E9D9D6 /* FailureModeTableViewCell.swift in Sources */ = {isa = PBXBuildFile; fileRef = AF73F5A2248A318400E9D9D6 /* FailureModeTableViewCell.swift */; };
		AF73F5A5248A318400E9D9D6 /* FailureModeTableViewCell.xib in Resources */ = {isa = PBXBuildFile; fileRef = AF73F5A3248A318400E9D9D6 /* FailureModeTableViewCell.xib */; };
		AF73F5A7248A34A800E9D9D6 /* FailureModeViewController.swift in Sources */ = {isa = PBXBuildFile; fileRef = AF73F5A6248A34A800E9D9D6 /* FailureModeViewController.swift */; };
		AF744C2324694CBF00F535F4 /* Login.storyboard in Resources */ = {isa = PBXBuildFile; fileRef = AF744C2224694CBF00F535F4 /* Login.storyboard */; };
		AF8C82B02465355F00BE3508 /* AppDelegate.swift in Sources */ = {isa = PBXBuildFile; fileRef = AF8C82AF2465355F00BE3508 /* AppDelegate.swift */; };
		AF8C82B22465355F00BE3508 /* SceneDelegate.swift in Sources */ = {isa = PBXBuildFile; fileRef = AF8C82B12465355F00BE3508 /* SceneDelegate.swift */; };
		AF8C82B72465355F00BE3508 /* Main.storyboard in Resources */ = {isa = PBXBuildFile; fileRef = AF8C82B52465355F00BE3508 /* Main.storyboard */; };
		AF8C82BA2465355F00BE3508 /* dev_Shell_Smart_Ticketing_Retailer.xcdatamodeld in Sources */ = {isa = PBXBuildFile; fileRef = AF8C82B82465355F00BE3508 /* dev_Shell_Smart_Ticketing_Retailer.xcdatamodeld */; };
		AF8C82BC2465356000BE3508 /* Assets.xcassets in Resources */ = {isa = PBXBuildFile; fileRef = AF8C82BB2465356000BE3508 /* Assets.xcassets */; };
		AF8C82BF2465356000BE3508 /* LaunchScreen.storyboard in Resources */ = {isa = PBXBuildFile; fileRef = AF8C82BD2465356000BE3508 /* LaunchScreen.storyboard */; };
		AF8C82CA2465356000BE3508 /* dev_Shell_Smart_Ticketing_RetailerTests.swift in Sources */ = {isa = PBXBuildFile; fileRef = AF8C82C92465356000BE3508 /* dev_Shell_Smart_Ticketing_RetailerTests.swift */; };
		AF959E872477C45B0082076C /* NewWorkOrderViewController.swift in Sources */ = {isa = PBXBuildFile; fileRef = AF959E862477C45B0082076C /* NewWorkOrderViewController.swift */; };
		AF9B5CF1248E79AA003BF73C /* PhotoEvidenceCollectionViewCell.swift in Sources */ = {isa = PBXBuildFile; fileRef = AF9B5CEF248E79AA003BF73C /* PhotoEvidenceCollectionViewCell.swift */; };
		AF9B5CF2248E79AA003BF73C /* PhotoEvidenceCollectionViewCell.xib in Resources */ = {isa = PBXBuildFile; fileRef = AF9B5CF0248E79AA003BF73C /* PhotoEvidenceCollectionViewCell.xib */; };
		AFB574F7246D195B0034109A /* OTPViewController.swift in Sources */ = {isa = PBXBuildFile; fileRef = AFB574F6246D195B0034109A /* OTPViewController.swift */; };
		AFB574F9246D19E60034109A /* EmailFVerificationViewController.swift in Sources */ = {isa = PBXBuildFile; fileRef = AFB574F8246D19E60034109A /* EmailFVerificationViewController.swift */; };
		DB96D179F36098E0687D178F /* Pods_dev_Shell_Smart_Ticketing_Retailer.framework in Frameworks */ = {isa = PBXBuildFile; fileRef = 60A9900AB562CF7E6ADE6BA8 /* Pods_dev_Shell_Smart_Ticketing_Retailer.framework */; };
/* End PBXBuildFile section */

/* Begin PBXContainerItemProxy section */
		AF8C82C62465356000BE3508 /* PBXContainerItemProxy */ = {
			isa = PBXContainerItemProxy;
			containerPortal = AF8C82A42465355F00BE3508 /* Project object */;
			proxyType = 1;
			remoteGlobalIDString = AF8C82AB2465355F00BE3508;
			remoteInfo = "dev-Shell-Smart-Ticketing-Retailer";
		};
/* End PBXContainerItemProxy section */

/* Begin PBXFileReference section */
		2AC00EAD8EBFA32D8DB8A1C4 /* Pods-dev-Shell-Smart-Ticketing-Retailer.debug.xcconfig */ = {isa = PBXFileReference; includeInIndex = 1; lastKnownFileType = text.xcconfig; name = "Pods-dev-Shell-Smart-Ticketing-Retailer.debug.xcconfig"; path = "Target Support Files/Pods-dev-Shell-Smart-Ticketing-Retailer/Pods-dev-Shell-Smart-Ticketing-Retailer.debug.xcconfig"; sourceTree = "<group>"; };
		60A9900AB562CF7E6ADE6BA8 /* Pods_dev_Shell_Smart_Ticketing_Retailer.framework */ = {isa = PBXFileReference; explicitFileType = wrapper.framework; includeInIndex = 0; path = Pods_dev_Shell_Smart_Ticketing_Retailer.framework; sourceTree = BUILT_PRODUCTS_DIR; };
		82C871B285E875BBB6FF4189 /* Pods-dev-Shell-Smart-Ticketing-RetailerTests.release.xcconfig */ = {isa = PBXFileReference; includeInIndex = 1; lastKnownFileType = text.xcconfig; name = "Pods-dev-Shell-Smart-Ticketing-RetailerTests.release.xcconfig"; path = "Target Support Files/Pods-dev-Shell-Smart-Ticketing-RetailerTests/Pods-dev-Shell-Smart-Ticketing-RetailerTests.release.xcconfig"; sourceTree = "<group>"; };
		A076ED74249246DF00993053 /* LoginRestManager.swift */ = {isa = PBXFileReference; lastKnownFileType = sourcecode.swift; path = LoginRestManager.swift; sourceTree = "<group>"; };
		A076ED792492499200993053 /* LoginViewModel.swift */ = {isa = PBXFileReference; lastKnownFileType = sourcecode.swift; path = LoginViewModel.swift; sourceTree = "<group>"; };
		A076ED7C24924B8100993053 /* User.swift */ = {isa = PBXFileReference; lastKnownFileType = sourcecode.swift; path = User.swift; sourceTree = "<group>"; };
		A076ED7F24924BA900993053 /* UserViewModel.swift */ = {isa = PBXFileReference; lastKnownFileType = sourcecode.swift; path = UserViewModel.swift; sourceTree = "<group>"; };
		A076ED8224924C2700993053 /* LoginError.swift */ = {isa = PBXFileReference; lastKnownFileType = sourcecode.swift; path = LoginError.swift; sourceTree = "<group>"; };
		A076ED86249251CD00993053 /* dev-Shell-Smart-Ticketing-Retailer-Bridging-Header.h */ = {isa = PBXFileReference; lastKnownFileType = sourcecode.c.h; path = "dev-Shell-Smart-Ticketing-Retailer-Bridging-Header.h"; sourceTree = "<group>"; };
		A076ED87249251CE00993053 /* dev-Shell-Smart-Ticketing-RetailerTests-Bridging-Header.h */ = {isa = PBXFileReference; lastKnownFileType = sourcecode.c.h; path = "dev-Shell-Smart-Ticketing-RetailerTests-Bridging-Header.h"; sourceTree = "<group>"; };
		A076ED88249251CE00993053 /* MBProgressHUD.m */ = {isa = PBXFileReference; fileEncoding = 4; lastKnownFileType = sourcecode.c.objc; path = MBProgressHUD.m; sourceTree = "<group>"; };
		A076ED89249251CE00993053 /* MBProgressHUD.h */ = {isa = PBXFileReference; fileEncoding = 4; lastKnownFileType = sourcecode.c.h; path = MBProgressHUD.h; sourceTree = "<group>"; };
		A076ED8D2492520F00993053 /* UIViewController+ActivityIndicator.swift */ = {isa = PBXFileReference; lastKnownFileType = sourcecode.swift; path = "UIViewController+ActivityIndicator.swift"; sourceTree = "<group>"; };
		A076ED90249254A100993053 /* Default.swift */ = {isa = PBXFileReference; lastKnownFileType = sourcecode.swift; path = Default.swift; sourceTree = "<group>"; };
		A076ED932492568F00993053 /* Connectivity.swift */ = {isa = PBXFileReference; lastKnownFileType = sourcecode.swift; path = Connectivity.swift; sourceTree = "<group>"; };
		A076ED9724925E8D00993053 /* String+Verifier.swift */ = {isa = PBXFileReference; lastKnownFileType = sourcecode.swift; path = "String+Verifier.swift"; sourceTree = "<group>"; };
		A076ED9A24926FF000993053 /* Logger.swift */ = {isa = PBXFileReference; lastKnownFileType = sourcecode.swift; path = Logger.swift; sourceTree = "<group>"; };
		A0D7A4B4249094FD0017A0CC /* RestAPIManager.swift */ = {isa = PBXFileReference; lastKnownFileType = sourcecode.swift; path = RestAPIManager.swift; sourceTree = "<group>"; };
		A0D7A4B7249099EF0017A0CC /* WorkOrderRestManager.swift */ = {isa = PBXFileReference; lastKnownFileType = sourcecode.swift; path = WorkOrderRestManager.swift; sourceTree = "<group>"; };
		A0D7A4BA24909AE00017A0CC /* RestConstants.swift */ = {isa = PBXFileReference; lastKnownFileType = sourcecode.swift; path = RestConstants.swift; sourceTree = "<group>"; };
		A0D7A4BD2490A0190017A0CC /* CustomError.swift */ = {isa = PBXFileReference; lastKnownFileType = sourcecode.swift; path = CustomError.swift; sourceTree = "<group>"; };
		A0D7A4C42490A14B0017A0CC /* RegistrationError.swift */ = {isa = PBXFileReference; lastKnownFileType = sourcecode.swift; path = RegistrationError.swift; sourceTree = "<group>"; };
		AF20975324726D6B0007E4DA /* Home.storyboard */ = {isa = PBXFileReference; lastKnownFileType = file.storyboard; path = Home.storyboard; sourceTree = "<group>"; };
		AF2B8EC3247B9BD200A959F6 /* NewWorkOrder.storyboard */ = {isa = PBXFileReference; lastKnownFileType = file.storyboard; path = NewWorkOrder.storyboard; sourceTree = "<group>"; };
		AF680684248514150078AD6D /* SelectEquipmentLayout.xib */ = {isa = PBXFileReference; lastKnownFileType = file.xib; path = SelectEquipmentLayout.xib; sourceTree = "<group>"; };
		AF680686248517300078AD6D /* SelectEquipmentViewController.swift */ = {isa = PBXFileReference; lastKnownFileType = sourcecode.swift; path = SelectEquipmentViewController.swift; sourceTree = "<group>"; };
		AF68068824851B620078AD6D /* SelectEquipmentLayoutTableViewCell.swift */ = {isa = PBXFileReference; lastKnownFileType = sourcecode.swift; path = SelectEquipmentLayoutTableViewCell.swift; sourceTree = "<group>"; };
		AF68068A248529B10078AD6D /* SelectDispensorCategoryCell.xib */ = {isa = PBXFileReference; lastKnownFileType = file.xib; path = SelectDispensorCategoryCell.xib; sourceTree = "<group>"; };
		AF68068C24852A310078AD6D /* SelectDispensorCategoryTableViewCell.swift */ = {isa = PBXFileReference; lastKnownFileType = sourcecode.swift; path = SelectDispensorCategoryTableViewCell.swift; sourceTree = "<group>"; };
		AF68069024852E490078AD6D /* DispenserTableViewCell.swift */ = {isa = PBXFileReference; lastKnownFileType = sourcecode.swift; path = DispenserTableViewCell.swift; sourceTree = "<group>"; };
		AF68069124852E490078AD6D /* DispenserTableViewCell.xib */ = {isa = PBXFileReference; lastKnownFileType = file.xib; path = DispenserTableViewCell.xib; sourceTree = "<group>"; };
		AF680694248531F40078AD6D /* TableViewHeader.swift */ = {isa = PBXFileReference; lastKnownFileType = sourcecode.swift; path = TableViewHeader.swift; sourceTree = "<group>"; };
		AF680696248531FD0078AD6D /* TableViewHeader.xib */ = {isa = PBXFileReference; lastKnownFileType = file.xib; path = TableViewHeader.xib; sourceTree = "<group>"; };
		AF682D3E248B781700324D83 /* WorkOrderDetailHeaderCell.swift */ = {isa = PBXFileReference; lastKnownFileType = sourcecode.swift; path = WorkOrderDetailHeaderCell.swift; sourceTree = "<group>"; };
		AF682D3F248B781700324D83 /* WorkOrderDetailHeaderCell.xib */ = {isa = PBXFileReference; lastKnownFileType = file.xib; path = WorkOrderDetailHeaderCell.xib; sourceTree = "<group>"; };
		AF682D42248B981E00324D83 /* PreliminaryCheckTableViewCell.swift */ = {isa = PBXFileReference; lastKnownFileType = sourcecode.swift; path = PreliminaryCheckTableViewCell.swift; sourceTree = "<group>"; };
		AF682D43248B981E00324D83 /* PreliminaryCheckTableViewCell.xib */ = {isa = PBXFileReference; lastKnownFileType = file.xib; path = PreliminaryCheckTableViewCell.xib; sourceTree = "<group>"; };
		AF682D46248B9F5A00324D83 /* PhotoEvidenceTableViewCell.swift */ = {isa = PBXFileReference; lastKnownFileType = sourcecode.swift; path = PhotoEvidenceTableViewCell.swift; sourceTree = "<group>"; };
		AF682D47248B9F5A00324D83 /* PhotoEvidenceTableViewCell.xib */ = {isa = PBXFileReference; lastKnownFileType = file.xib; path = PhotoEvidenceTableViewCell.xib; sourceTree = "<group>"; };
		AF6880D32473F19900D50BAA /* HomeViewController.swift */ = {isa = PBXFileReference; lastKnownFileType = sourcecode.swift; path = HomeViewController.swift; sourceTree = "<group>"; };
		AF6880D82473F53A00D50BAA /* HomeTableViewCell.swift */ = {isa = PBXFileReference; lastKnownFileType = sourcecode.swift; path = HomeTableViewCell.swift; sourceTree = "<group>"; };
		AF6880D92473F53A00D50BAA /* HomeTableViewCell.xib */ = {isa = PBXFileReference; lastKnownFileType = file.xib; path = HomeTableViewCell.xib; sourceTree = "<group>"; };
		AF6AB0FC2487DA1100E9B712 /* VehicleTypeTableViewCell.swift */ = {isa = PBXFileReference; lastKnownFileType = sourcecode.swift; path = VehicleTypeTableViewCell.swift; sourceTree = "<group>"; };
		AF6AB0FD2487DA1100E9B712 /* VehicleTypeTableViewCell.xib */ = {isa = PBXFileReference; lastKnownFileType = file.xib; path = VehicleTypeTableViewCell.xib; sourceTree = "<group>"; };
		AF6AB1002487E15200E9B712 /* SelectedAreaView.swift */ = {isa = PBXFileReference; lastKnownFileType = sourcecode.swift; path = SelectedAreaView.swift; sourceTree = "<group>"; };
		AF6AB1022487E16400E9B712 /* SelectedAreaView.xib */ = {isa = PBXFileReference; lastKnownFileType = file.xib; path = SelectedAreaView.xib; sourceTree = "<group>"; };
		AF6B549324766A9000A02DEB /* Montserrat-SemiBold.ttf */ = {isa = PBXFileReference; lastKnownFileType = file; path = "Montserrat-SemiBold.ttf"; sourceTree = "<group>"; };
		AF6B549424766A9000A02DEB /* Montserrat-Bold.ttf */ = {isa = PBXFileReference; lastKnownFileType = file; path = "Montserrat-Bold.ttf"; sourceTree = "<group>"; };
		AF6B549524766A9000A02DEB /* Montserrat-Regular.ttf */ = {isa = PBXFileReference; lastKnownFileType = file; path = "Montserrat-Regular.ttf"; sourceTree = "<group>"; };
		AF6B549924766E7C00A02DEB /* Montserrat-Medium.ttf */ = {isa = PBXFileReference; lastKnownFileType = file; path = "Montserrat-Medium.ttf"; sourceTree = "<group>"; };
		AF6E4F85247BD216004BD793 /* NewWorkOrderDetailViewController.swift */ = {isa = PBXFileReference; lastKnownFileType = sourcecode.swift; path = NewWorkOrderDetailViewController.swift; sourceTree = "<group>"; };
		AF6E4F87247BD796004BD793 /* CustomNavView.xib */ = {isa = PBXFileReference; lastKnownFileType = file.xib; path = CustomNavView.xib; sourceTree = "<group>"; };
		AF6F03082477FEA400916CDE /* HomeTabBarViewController.swift */ = {isa = PBXFileReference; lastKnownFileType = sourcecode.swift; path = HomeTabBarViewController.swift; sourceTree = "<group>"; };
		AF706B54248F919C00D97B5E /* Localizable.strings */ = {isa = PBXFileReference; lastKnownFileType = text.plist.strings; path = Localizable.strings; sourceTree = "<group>"; };
		AF706B57248FA00600D97B5E /* UIConstants.swift */ = {isa = PBXFileReference; lastKnownFileType = sourcecode.swift; path = UIConstants.swift; sourceTree = "<group>"; };
		AF709838247D16B00046549A /* NewWorkOrderDetailCollectionViewCell.swift */ = {isa = PBXFileReference; lastKnownFileType = sourcecode.swift; path = NewWorkOrderDetailCollectionViewCell.swift; sourceTree = "<group>"; };
		AF727587246AB385002AD121 /* PhoneNumberViewController.swift */ = {isa = PBXFileReference; lastKnownFileType = sourcecode.swift; path = PhoneNumberViewController.swift; sourceTree = "<group>"; };
		AF727589246AB3BE002AD121 /* PassWordViewController.swift */ = {isa = PBXFileReference; lastKnownFileType = sourcecode.swift; path = PassWordViewController.swift; sourceTree = "<group>"; };
		AF72758B246AB3E9002AD121 /* LogInViewController.swift */ = {isa = PBXFileReference; lastKnownFileType = sourcecode.swift; path = LogInViewController.swift; sourceTree = "<group>"; };
		AF72758D246AB41F002AD121 /* EmailIdViewController.swift */ = {isa = PBXFileReference; lastKnownFileType = sourcecode.swift; path = EmailIdViewController.swift; sourceTree = "<group>"; };
		AF733A90248D21F600284239 /* NewWorkOrderDetailsViewController.swift */ = {isa = PBXFileReference; lastKnownFileType = sourcecode.swift; path = NewWorkOrderDetailsViewController.swift; sourceTree = "<group>"; };
		AF733A92248D367700284239 /* SelectedEquipmentTableViewCell.swift */ = {isa = PBXFileReference; lastKnownFileType = sourcecode.swift; path = SelectedEquipmentTableViewCell.swift; sourceTree = "<group>"; };
		AF733A93248D367700284239 /* SelectedEquipmentTableViewCell.xib */ = {isa = PBXFileReference; lastKnownFileType = file.xib; path = SelectedEquipmentTableViewCell.xib; sourceTree = "<group>"; };
		AF733A96248D48B200284239 /* DefaultTableViewCell.swift */ = {isa = PBXFileReference; lastKnownFileType = sourcecode.swift; path = DefaultTableViewCell.swift; sourceTree = "<group>"; };
		AF73F5A2248A318400E9D9D6 /* FailureModeTableViewCell.swift */ = {isa = PBXFileReference; lastKnownFileType = sourcecode.swift; path = FailureModeTableViewCell.swift; sourceTree = "<group>"; };
		AF73F5A3248A318400E9D9D6 /* FailureModeTableViewCell.xib */ = {isa = PBXFileReference; lastKnownFileType = file.xib; path = FailureModeTableViewCell.xib; sourceTree = "<group>"; };
		AF73F5A6248A34A800E9D9D6 /* FailureModeViewController.swift */ = {isa = PBXFileReference; lastKnownFileType = sourcecode.swift; path = FailureModeViewController.swift; sourceTree = "<group>"; };
		AF744C2224694CBF00F535F4 /* Login.storyboard */ = {isa = PBXFileReference; lastKnownFileType = file.storyboard; path = Login.storyboard; sourceTree = "<group>"; };
		AF8C82AC2465355F00BE3508 /* dev-Shell-Smart-Ticketing-Retailer.app */ = {isa = PBXFileReference; explicitFileType = wrapper.application; includeInIndex = 0; path = "dev-Shell-Smart-Ticketing-Retailer.app"; sourceTree = BUILT_PRODUCTS_DIR; };
		AF8C82AF2465355F00BE3508 /* AppDelegate.swift */ = {isa = PBXFileReference; lastKnownFileType = sourcecode.swift; path = AppDelegate.swift; sourceTree = "<group>"; };
		AF8C82B12465355F00BE3508 /* SceneDelegate.swift */ = {isa = PBXFileReference; lastKnownFileType = sourcecode.swift; path = SceneDelegate.swift; sourceTree = "<group>"; };
		AF8C82B62465355F00BE3508 /* Base */ = {isa = PBXFileReference; lastKnownFileType = file.storyboard; name = Base; path = Base.lproj/Main.storyboard; sourceTree = "<group>"; };
		AF8C82B92465355F00BE3508 /* dev_Shell_Smart_Ticketing_Retailer.xcdatamodel */ = {isa = PBXFileReference; lastKnownFileType = wrapper.xcdatamodel; path = dev_Shell_Smart_Ticketing_Retailer.xcdatamodel; sourceTree = "<group>"; };
		AF8C82BB2465356000BE3508 /* Assets.xcassets */ = {isa = PBXFileReference; lastKnownFileType = folder.assetcatalog; path = Assets.xcassets; sourceTree = "<group>"; };
		AF8C82BE2465356000BE3508 /* Base */ = {isa = PBXFileReference; lastKnownFileType = file.storyboard; name = Base; path = Base.lproj/LaunchScreen.storyboard; sourceTree = "<group>"; };
		AF8C82C02465356000BE3508 /* Info.plist */ = {isa = PBXFileReference; lastKnownFileType = text.plist.xml; path = Info.plist; sourceTree = "<group>"; };
		AF8C82C52465356000BE3508 /* dev-Shell-Smart-Ticketing-RetailerTests.xctest */ = {isa = PBXFileReference; explicitFileType = wrapper.cfbundle; includeInIndex = 0; path = "dev-Shell-Smart-Ticketing-RetailerTests.xctest"; sourceTree = BUILT_PRODUCTS_DIR; };
		AF8C82C92465356000BE3508 /* dev_Shell_Smart_Ticketing_RetailerTests.swift */ = {isa = PBXFileReference; lastKnownFileType = sourcecode.swift; path = dev_Shell_Smart_Ticketing_RetailerTests.swift; sourceTree = "<group>"; };
		AF8C82CB2465356000BE3508 /* Info.plist */ = {isa = PBXFileReference; lastKnownFileType = text.plist.xml; path = Info.plist; sourceTree = "<group>"; };
		AF959E862477C45B0082076C /* NewWorkOrderViewController.swift */ = {isa = PBXFileReference; lastKnownFileType = sourcecode.swift; path = NewWorkOrderViewController.swift; sourceTree = "<group>"; };
		AF9B5CEF248E79AA003BF73C /* PhotoEvidenceCollectionViewCell.swift */ = {isa = PBXFileReference; lastKnownFileType = sourcecode.swift; path = PhotoEvidenceCollectionViewCell.swift; sourceTree = "<group>"; };
		AF9B5CF0248E79AA003BF73C /* PhotoEvidenceCollectionViewCell.xib */ = {isa = PBXFileReference; lastKnownFileType = file.xib; path = PhotoEvidenceCollectionViewCell.xib; sourceTree = "<group>"; };
		AFB574F6246D195B0034109A /* OTPViewController.swift */ = {isa = PBXFileReference; lastKnownFileType = sourcecode.swift; path = OTPViewController.swift; sourceTree = "<group>"; };
		AFB574F8246D19E60034109A /* EmailFVerificationViewController.swift */ = {isa = PBXFileReference; lastKnownFileType = sourcecode.swift; path = EmailFVerificationViewController.swift; sourceTree = "<group>"; };
		D1C6BB639FD2C3C064B7E975 /* Pods-dev-Shell-Smart-Ticketing-RetailerTests.debug.xcconfig */ = {isa = PBXFileReference; includeInIndex = 1; lastKnownFileType = text.xcconfig; name = "Pods-dev-Shell-Smart-Ticketing-RetailerTests.debug.xcconfig"; path = "Target Support Files/Pods-dev-Shell-Smart-Ticketing-RetailerTests/Pods-dev-Shell-Smart-Ticketing-RetailerTests.debug.xcconfig"; sourceTree = "<group>"; };
		EDEC580829F2B3B7A309BB19 /* Pods-dev-Shell-Smart-Ticketing-Retailer.release.xcconfig */ = {isa = PBXFileReference; includeInIndex = 1; lastKnownFileType = text.xcconfig; name = "Pods-dev-Shell-Smart-Ticketing-Retailer.release.xcconfig"; path = "Target Support Files/Pods-dev-Shell-Smart-Ticketing-Retailer/Pods-dev-Shell-Smart-Ticketing-Retailer.release.xcconfig"; sourceTree = "<group>"; };
		F2EAB3E06DED9E205279B394 /* Pods_dev_Shell_Smart_Ticketing_RetailerTests.framework */ = {isa = PBXFileReference; explicitFileType = wrapper.framework; includeInIndex = 0; path = Pods_dev_Shell_Smart_Ticketing_RetailerTests.framework; sourceTree = BUILT_PRODUCTS_DIR; };
/* End PBXFileReference section */

/* Begin PBXFrameworksBuildPhase section */
		AF8C82A92465355F00BE3508 /* Frameworks */ = {
			isa = PBXFrameworksBuildPhase;
			buildActionMask = 2147483647;
			files = (
				DB96D179F36098E0687D178F /* Pods_dev_Shell_Smart_Ticketing_Retailer.framework in Frameworks */,
			);
			runOnlyForDeploymentPostprocessing = 0;
		};
		AF8C82C22465356000BE3508 /* Frameworks */ = {
			isa = PBXFrameworksBuildPhase;
			buildActionMask = 2147483647;
			files = (
				7BB114CF2557EB035E008398 /* Pods_dev_Shell_Smart_Ticketing_RetailerTests.framework in Frameworks */,
			);
			runOnlyForDeploymentPostprocessing = 0;
		};
/* End PBXFrameworksBuildPhase section */

/* Begin PBXGroup section */
		6DAEB361BA560F7970B8FC03 /* Frameworks */ = {
			isa = PBXGroup;
			children = (
				60A9900AB562CF7E6ADE6BA8 /* Pods_dev_Shell_Smart_Ticketing_Retailer.framework */,
				F2EAB3E06DED9E205279B394 /* Pods_dev_Shell_Smart_Ticketing_RetailerTests.framework */,
			);
			name = Frameworks;
			sourceTree = "<group>";
		};
		A076ED852492511400993053 /* Indicator */ = {
			isa = PBXGroup;
			children = (
				A076ED89249251CE00993053 /* MBProgressHUD.h */,
				A076ED88249251CE00993053 /* MBProgressHUD.m */,
				A076ED86249251CD00993053 /* dev-Shell-Smart-Ticketing-Retailer-Bridging-Header.h */,
				A076ED87249251CE00993053 /* dev-Shell-Smart-Ticketing-RetailerTests-Bridging-Header.h */,
			);
			path = Indicator;
			sourceTree = "<group>";
		};
		A076ED8C249251E600993053 /* Extension */ = {
			isa = PBXGroup;
			children = (
				A076ED8D2492520F00993053 /* UIViewController+ActivityIndicator.swift */,
			);
			path = Extension;
			sourceTree = "<group>";
		};
		A076ED9624925E4100993053 /* Extensions */ = {
			isa = PBXGroup;
			children = (
				A076ED9724925E8D00993053 /* String+Verifier.swift */,
			);
			path = Extensions;
			sourceTree = "<group>";
		};
		A0A04B722490A2BB00D56D76 /* Utili */ = {
			isa = PBXGroup;
			children = (
				A076ED852492511400993053 /* Indicator */,
				A076ED90249254A100993053 /* Default.swift */,
				A076ED9A24926FF000993053 /* Logger.swift */,
			);
			path = Utili;
			sourceTree = "<group>";
		};
		A0A04B732490A2D300D56D76 /* Services */ = {
			isa = PBXGroup;
			children = (
				A076ED9624925E4100993053 /* Extensions */,
				A0D7A4B1249090F10017A0CC /* Network */,
				A0D7A4C02490A1210017A0CC /* Enum */,
			);
			path = Services;
			sourceTree = "<group>";
		};
		A0D7A4AE249090A20017A0CC /* App+SceneDelegate */ = {
			isa = PBXGroup;
			children = (
				AF8C82AF2465355F00BE3508 /* AppDelegate.swift */,
				AF8C82B12465355F00BE3508 /* SceneDelegate.swift */,
			);
			path = "App+SceneDelegate";
			sourceTree = "<group>";
		};
		A0D7A4AF249090C00017A0CC /* ViewModel */ = {
			isa = PBXGroup;
			children = (
				A076ED792492499200993053 /* LoginViewModel.swift */,
				A076ED7F24924BA900993053 /* UserViewModel.swift */,
			);
			path = ViewModel;
			sourceTree = "<group>";
		};
		A0D7A4B0249090D10017A0CC /* Model */ = {
			isa = PBXGroup;
			children = (
				A076ED7C24924B8100993053 /* User.swift */,
			);
			path = Model;
			sourceTree = "<group>";
		};
		A0D7A4B1249090F10017A0CC /* Network */ = {
			isa = PBXGroup;
			children = (
				A0D7A4B4249094FD0017A0CC /* RestAPIManager.swift */,
				A0D7A4B7249099EF0017A0CC /* WorkOrderRestManager.swift */,
				A0D7A4BA24909AE00017A0CC /* RestConstants.swift */,
				A076ED74249246DF00993053 /* LoginRestManager.swift */,
				A076ED932492568F00993053 /* Connectivity.swift */,
			);
			path = Network;
			sourceTree = "<group>";
		};
		A0D7A4C02490A1210017A0CC /* Enum */ = {
			isa = PBXGroup;
			children = (
				A0D7A4BD2490A0190017A0CC /* CustomError.swift */,
				A0D7A4C42490A14B0017A0CC /* RegistrationError.swift */,
				A076ED8224924C2700993053 /* LoginError.swift */,
			);
			path = Enum;
			sourceTree = "<group>";
		};
		AF682D3D248B639600324D83 /* New Work Order */ = {
			isa = PBXGroup;
			children = (
				AF709838247D16B00046549A /* NewWorkOrderDetailCollectionViewCell.swift */,
				AF6E4F87247BD796004BD793 /* CustomNavView.xib */,
				AF680684248514150078AD6D /* SelectEquipmentLayout.xib */,
				AF68068824851B620078AD6D /* SelectEquipmentLayoutTableViewCell.swift */,
				AF68068A248529B10078AD6D /* SelectDispensorCategoryCell.xib */,
				AF68068C24852A310078AD6D /* SelectDispensorCategoryTableViewCell.swift */,
				AF68069124852E490078AD6D /* DispenserTableViewCell.xib */,
				AF68069024852E490078AD6D /* DispenserTableViewCell.swift */,
				AF6AB0FC2487DA1100E9B712 /* VehicleTypeTableViewCell.swift */,
				AF6AB0FD2487DA1100E9B712 /* VehicleTypeTableViewCell.xib */,
				AF680694248531F40078AD6D /* TableViewHeader.swift */,
				AF680696248531FD0078AD6D /* TableViewHeader.xib */,
				AF682D3E248B781700324D83 /* WorkOrderDetailHeaderCell.swift */,
				AF682D3F248B781700324D83 /* WorkOrderDetailHeaderCell.xib */,
				AF682D42248B981E00324D83 /* PreliminaryCheckTableViewCell.swift */,
				AF682D43248B981E00324D83 /* PreliminaryCheckTableViewCell.xib */,
				AF682D46248B9F5A00324D83 /* PhotoEvidenceTableViewCell.swift */,
				AF682D47248B9F5A00324D83 /* PhotoEvidenceTableViewCell.xib */,
				AF6AB1002487E15200E9B712 /* SelectedAreaView.swift */,
				AF6AB1022487E16400E9B712 /* SelectedAreaView.xib */,
				AF73F5A2248A318400E9D9D6 /* FailureModeTableViewCell.swift */,
				AF73F5A3248A318400E9D9D6 /* FailureModeTableViewCell.xib */,
				AF733A92248D367700284239 /* SelectedEquipmentTableViewCell.swift */,
				AF733A93248D367700284239 /* SelectedEquipmentTableViewCell.xib */,
				AF733A96248D48B200284239 /* DefaultTableViewCell.swift */,
				AF9B5CEF248E79AA003BF73C /* PhotoEvidenceCollectionViewCell.swift */,
				AF9B5CF0248E79AA003BF73C /* PhotoEvidenceCollectionViewCell.xib */,
			);
			path = "New Work Order";
			sourceTree = "<group>";
		};
		AF6880D22473F18200D50BAA /* Home */ = {
			isa = PBXGroup;
			children = (
				AF6880D32473F19900D50BAA /* HomeViewController.swift */,
				AF6F03082477FEA400916CDE /* HomeTabBarViewController.swift */,
			);
			path = Home;
			sourceTree = "<group>";
		};
		AF6880D52473F4B100D50BAA /* CustomCell */ = {
			isa = PBXGroup;
			children = (
				AF706B56248F9F7D00D97B5E /* Constants */,
				AF6880D82473F53A00D50BAA /* HomeTableViewCell.swift */,
				AF6880D92473F53A00D50BAA /* HomeTableViewCell.xib */,
				AF682D3D248B639600324D83 /* New Work Order */,
			);
			path = CustomCell;
			sourceTree = "<group>";
		};
		AF69538F246A5A07003D72B8 /* Login */ = {
			isa = PBXGroup;
			children = (
				AF727587246AB385002AD121 /* PhoneNumberViewController.swift */,
				AF727589246AB3BE002AD121 /* PassWordViewController.swift */,
				AF72758B246AB3E9002AD121 /* LogInViewController.swift */,
				AF72758D246AB41F002AD121 /* EmailIdViewController.swift */,
				AFB574F6246D195B0034109A /* OTPViewController.swift */,
				AFB574F8246D19E60034109A /* EmailFVerificationViewController.swift */,
			);
			path = Login;
			sourceTree = "<group>";
		};
		AF6B549224766A6600A02DEB /* Font */ = {
			isa = PBXGroup;
			children = (
				AF6B549424766A9000A02DEB /* Montserrat-Bold.ttf */,
				AF6B549524766A9000A02DEB /* Montserrat-Regular.ttf */,
				AF6B549324766A9000A02DEB /* Montserrat-SemiBold.ttf */,
				AF6B549924766E7C00A02DEB /* Montserrat-Medium.ttf */,
			);
			path = Font;
			sourceTree = "<group>";
		};
		AF6E4F84247BD1BB004BD793 /* New WorkOrder */ = {
			isa = PBXGroup;
			children = (
				AF959E862477C45B0082076C /* NewWorkOrderViewController.swift */,
				AF6E4F85247BD216004BD793 /* NewWorkOrderDetailViewController.swift */,
				AF733A90248D21F600284239 /* NewWorkOrderDetailsViewController.swift */,
				AF680686248517300078AD6D /* SelectEquipmentViewController.swift */,
				AF73F5A6248A34A800E9D9D6 /* FailureModeViewController.swift */,
			);
			path = "New WorkOrder";
			sourceTree = "<group>";
		};
		AF706B56248F9F7D00D97B5E /* Constants */ = {
			isa = PBXGroup;
			children = (
				AF706B57248FA00600D97B5E /* UIConstants.swift */,
			);
			path = Constants;
			sourceTree = "<group>";
		};
		AF727583246AB279002AD121 /* ViewControllers */ = {
			isa = PBXGroup;
			children = (
				A076ED8C249251E600993053 /* Extension */,
				AF6E4F84247BD1BB004BD793 /* New WorkOrder */,
				AF6880D22473F18200D50BAA /* Home */,
				AF69538F246A5A07003D72B8 /* Login */,
			);
			path = ViewControllers;
			sourceTree = "<group>";
		};
		AF7490D92469788800DDC5F0 /* Story Board */ = {
			isa = PBXGroup;
			children = (
				AF8C82B52465355F00BE3508 /* Main.storyboard */,
				AF744C2224694CBF00F535F4 /* Login.storyboard */,
				AF20975324726D6B0007E4DA /* Home.storyboard */,
				AF2B8EC3247B9BD200A959F6 /* NewWorkOrder.storyboard */,
				AF8C82BD2465356000BE3508 /* LaunchScreen.storyboard */,
			);
			path = "Story Board";
			sourceTree = "<group>";
		};
		AF8C82A32465355F00BE3508 = {
			isa = PBXGroup;
			children = (
				AF8C82AE2465355F00BE3508 /* dev-Shell-Smart-Ticketing-Retailer */,
				AF8C82C82465356000BE3508 /* dev-Shell-Smart-Ticketing-RetailerTests */,
				AF8C82AD2465355F00BE3508 /* Products */,
				FD9506A295433DBFF75606B3 /* Pods */,
				6DAEB361BA560F7970B8FC03 /* Frameworks */,
			);
			sourceTree = "<group>";
		};
		AF8C82AD2465355F00BE3508 /* Products */ = {
			isa = PBXGroup;
			children = (
				AF8C82AC2465355F00BE3508 /* dev-Shell-Smart-Ticketing-Retailer.app */,
				AF8C82C52465356000BE3508 /* dev-Shell-Smart-Ticketing-RetailerTests.xctest */,
			);
			name = Products;
			sourceTree = "<group>";
		};
		AF8C82AE2465355F00BE3508 /* dev-Shell-Smart-Ticketing-Retailer */ = {
			isa = PBXGroup;
			children = (
				A0D7A4AE249090A20017A0CC /* App+SceneDelegate */,
				AF7490D92469788800DDC5F0 /* Story Board */,
				AF727583246AB279002AD121 /* ViewControllers */,
				AF6880D52473F4B100D50BAA /* CustomCell */,
				A0D7A4AF249090C00017A0CC /* ViewModel */,
				A0D7A4B0249090D10017A0CC /* Model */,
				A0A04B732490A2D300D56D76 /* Services */,
				A0A04B722490A2BB00D56D76 /* Utili */,
				AF6B549224766A6600A02DEB /* Font */,
				AF8C82BB2465356000BE3508 /* Assets.xcassets */,
				AF8C82C02465356000BE3508 /* Info.plist */,
				AF706B54248F919C00D97B5E /* Localizable.strings */,
				AF8C82B82465355F00BE3508 /* dev_Shell_Smart_Ticketing_Retailer.xcdatamodeld */,
			);
			path = "dev-Shell-Smart-Ticketing-Retailer";
			sourceTree = "<group>";
		};
		AF8C82C82465356000BE3508 /* dev-Shell-Smart-Ticketing-RetailerTests */ = {
			isa = PBXGroup;
			children = (
				AF8C82C92465356000BE3508 /* dev_Shell_Smart_Ticketing_RetailerTests.swift */,
				AF8C82CB2465356000BE3508 /* Info.plist */,
			);
			path = "dev-Shell-Smart-Ticketing-RetailerTests";
			sourceTree = "<group>";
		};
		FD9506A295433DBFF75606B3 /* Pods */ = {
			isa = PBXGroup;
			children = (
				2AC00EAD8EBFA32D8DB8A1C4 /* Pods-dev-Shell-Smart-Ticketing-Retailer.debug.xcconfig */,
				EDEC580829F2B3B7A309BB19 /* Pods-dev-Shell-Smart-Ticketing-Retailer.release.xcconfig */,
				D1C6BB639FD2C3C064B7E975 /* Pods-dev-Shell-Smart-Ticketing-RetailerTests.debug.xcconfig */,
				82C871B285E875BBB6FF4189 /* Pods-dev-Shell-Smart-Ticketing-RetailerTests.release.xcconfig */,
			);
			path = Pods;
			sourceTree = "<group>";
		};
/* End PBXGroup section */

/* Begin PBXNativeTarget section */
		AF8C82AB2465355F00BE3508 /* dev-Shell-Smart-Ticketing-Retailer */ = {
			isa = PBXNativeTarget;
			buildConfigurationList = AF8C82CE2465356000BE3508 /* Build configuration list for PBXNativeTarget "dev-Shell-Smart-Ticketing-Retailer" */;
			buildPhases = (
				1F014483EA8E62F5FAA165A4 /* [CP] Check Pods Manifest.lock */,
				AF8C82A82465355F00BE3508 /* Sources */,
				AF8C82A92465355F00BE3508 /* Frameworks */,
				AF8C82AA2465355F00BE3508 /* Resources */,
				0EBF314DF2183C5F9AE0E357 /* [CP] Embed Pods Frameworks */,
			);
			buildRules = (
			);
			dependencies = (
			);
			name = "dev-Shell-Smart-Ticketing-Retailer";
			productName = "dev-Shell-Smart-Ticketing-Retailer";
			productReference = AF8C82AC2465355F00BE3508 /* dev-Shell-Smart-Ticketing-Retailer.app */;
			productType = "com.apple.product-type.application";
		};
		AF8C82C42465356000BE3508 /* dev-Shell-Smart-Ticketing-RetailerTests */ = {
			isa = PBXNativeTarget;
			buildConfigurationList = AF8C82D12465356000BE3508 /* Build configuration list for PBXNativeTarget "dev-Shell-Smart-Ticketing-RetailerTests" */;
			buildPhases = (
				8882FD625B01B17F2BDD54CF /* [CP] Check Pods Manifest.lock */,
				AF8C82C12465356000BE3508 /* Sources */,
				AF8C82C22465356000BE3508 /* Frameworks */,
				AF8C82C32465356000BE3508 /* Resources */,
			);
			buildRules = (
			);
			dependencies = (
				AF8C82C72465356000BE3508 /* PBXTargetDependency */,
			);
			name = "dev-Shell-Smart-Ticketing-RetailerTests";
			productName = "dev-Shell-Smart-Ticketing-RetailerTests";
			productReference = AF8C82C52465356000BE3508 /* dev-Shell-Smart-Ticketing-RetailerTests.xctest */;
			productType = "com.apple.product-type.bundle.unit-test";
		};
/* End PBXNativeTarget section */

/* Begin PBXProject section */
		AF8C82A42465355F00BE3508 /* Project object */ = {
			isa = PBXProject;
			attributes = {
				LastSwiftUpdateCheck = 1130;
				LastUpgradeCheck = 1130;
				ORGANIZATIONNAME = Mobinius;
				TargetAttributes = {
					AF8C82AB2465355F00BE3508 = {
						CreatedOnToolsVersion = 11.3.1;
						LastSwiftMigration = 1150;
					};
					AF8C82C42465356000BE3508 = {
						CreatedOnToolsVersion = 11.3.1;
						LastSwiftMigration = 1150;
						TestTargetID = AF8C82AB2465355F00BE3508;
					};
				};
			};
			buildConfigurationList = AF8C82A72465355F00BE3508 /* Build configuration list for PBXProject "dev-Shell-Smart-Ticketing-Retailer" */;
			compatibilityVersion = "Xcode 9.3";
			developmentRegion = en;
			hasScannedForEncodings = 0;
			knownRegions = (
				en,
				Base,
			);
			mainGroup = AF8C82A32465355F00BE3508;
			productRefGroup = AF8C82AD2465355F00BE3508 /* Products */;
			projectDirPath = "";
			projectRoot = "";
			targets = (
				AF8C82AB2465355F00BE3508 /* dev-Shell-Smart-Ticketing-Retailer */,
				AF8C82C42465356000BE3508 /* dev-Shell-Smart-Ticketing-RetailerTests */,
			);
		};
/* End PBXProject section */

/* Begin PBXResourcesBuildPhase section */
		AF8C82AA2465355F00BE3508 /* Resources */ = {
			isa = PBXResourcesBuildPhase;
			buildActionMask = 2147483647;
			files = (
				AF9B5CF2248E79AA003BF73C /* PhotoEvidenceCollectionViewCell.xib in Resources */,
				AF680697248531FD0078AD6D /* TableViewHeader.xib in Resources */,
				AF2B8EC4247B9BD200A959F6 /* NewWorkOrder.storyboard in Resources */,
				AF6E4F88247BD796004BD793 /* CustomNavView.xib in Resources */,
				AF6B549824766A9000A02DEB /* Montserrat-Regular.ttf in Resources */,
				AF744C2324694CBF00F535F4 /* Login.storyboard in Resources */,
				AF20975424726D6B0007E4DA /* Home.storyboard in Resources */,
				AF68069324852E490078AD6D /* DispenserTableViewCell.xib in Resources */,
				AF733A95248D367700284239 /* SelectedEquipmentTableViewCell.xib in Resources */,
				AF680685248514150078AD6D /* SelectEquipmentLayout.xib in Resources */,
				AF706B55248F919C00D97B5E /* Localizable.strings in Resources */,
				AF8C82BF2465356000BE3508 /* LaunchScreen.storyboard in Resources */,
				AF682D45248B981E00324D83 /* PreliminaryCheckTableViewCell.xib in Resources */,
				AF73F5A5248A318400E9D9D6 /* FailureModeTableViewCell.xib in Resources */,
				AF6B549624766A9000A02DEB /* Montserrat-SemiBold.ttf in Resources */,
				AF6B549724766A9000A02DEB /* Montserrat-Bold.ttf in Resources */,
				AF682D49248B9F5A00324D83 /* PhotoEvidenceTableViewCell.xib in Resources */,
				AF6B549A24766E7C00A02DEB /* Montserrat-Medium.ttf in Resources */,
				AF682D41248B781700324D83 /* WorkOrderDetailHeaderCell.xib in Resources */,
				AF6AB0FF2487DA1100E9B712 /* VehicleTypeTableViewCell.xib in Resources */,
				AF8C82BC2465356000BE3508 /* Assets.xcassets in Resources */,
				AF6AB1032487E16400E9B712 /* SelectedAreaView.xib in Resources */,
				AF6880DB2473F53A00D50BAA /* HomeTableViewCell.xib in Resources */,
				AF8C82B72465355F00BE3508 /* Main.storyboard in Resources */,
				AF68068B248529B10078AD6D /* SelectDispensorCategoryCell.xib in Resources */,
			);
			runOnlyForDeploymentPostprocessing = 0;
		};
		AF8C82C32465356000BE3508 /* Resources */ = {
			isa = PBXResourcesBuildPhase;
			buildActionMask = 2147483647;
			files = (
			);
			runOnlyForDeploymentPostprocessing = 0;
		};
/* End PBXResourcesBuildPhase section */

/* Begin PBXShellScriptBuildPhase section */
		0EBF314DF2183C5F9AE0E357 /* [CP] Embed Pods Frameworks */ = {
			isa = PBXShellScriptBuildPhase;
			buildActionMask = 2147483647;
			files = (
			);
			inputFileListPaths = (
				"${PODS_ROOT}/Target Support Files/Pods-dev-Shell-Smart-Ticketing-Retailer/Pods-dev-Shell-Smart-Ticketing-Retailer-frameworks-${CONFIGURATION}-input-files.xcfilelist",
			);
			name = "[CP] Embed Pods Frameworks";
			outputFileListPaths = (
				"${PODS_ROOT}/Target Support Files/Pods-dev-Shell-Smart-Ticketing-Retailer/Pods-dev-Shell-Smart-Ticketing-Retailer-frameworks-${CONFIGURATION}-output-files.xcfilelist",
			);
			runOnlyForDeploymentPostprocessing = 0;
			shellPath = /bin/sh;
			shellScript = "\"${PODS_ROOT}/Target Support Files/Pods-dev-Shell-Smart-Ticketing-Retailer/Pods-dev-Shell-Smart-Ticketing-Retailer-frameworks.sh\"\n";
			showEnvVarsInLog = 0;
		};
		1F014483EA8E62F5FAA165A4 /* [CP] Check Pods Manifest.lock */ = {
			isa = PBXShellScriptBuildPhase;
			buildActionMask = 2147483647;
			files = (
			);
			inputFileListPaths = (
			);
			inputPaths = (
				"${PODS_PODFILE_DIR_PATH}/Podfile.lock",
				"${PODS_ROOT}/Manifest.lock",
			);
			name = "[CP] Check Pods Manifest.lock";
			outputFileListPaths = (
			);
			outputPaths = (
				"$(DERIVED_FILE_DIR)/Pods-dev-Shell-Smart-Ticketing-Retailer-checkManifestLockResult.txt",
			);
			runOnlyForDeploymentPostprocessing = 0;
			shellPath = /bin/sh;
			shellScript = "diff \"${PODS_PODFILE_DIR_PATH}/Podfile.lock\" \"${PODS_ROOT}/Manifest.lock\" > /dev/null\nif [ $? != 0 ] ; then\n    # print error to STDERR\n    echo \"error: The sandbox is not in sync with the Podfile.lock. Run 'pod install' or update your CocoaPods installation.\" >&2\n    exit 1\nfi\n# This output is used by Xcode 'outputs' to avoid re-running this script phase.\necho \"SUCCESS\" > \"${SCRIPT_OUTPUT_FILE_0}\"\n";
			showEnvVarsInLog = 0;
		};
		8882FD625B01B17F2BDD54CF /* [CP] Check Pods Manifest.lock */ = {
			isa = PBXShellScriptBuildPhase;
			buildActionMask = 2147483647;
			files = (
			);
			inputFileListPaths = (
			);
			inputPaths = (
				"${PODS_PODFILE_DIR_PATH}/Podfile.lock",
				"${PODS_ROOT}/Manifest.lock",
			);
			name = "[CP] Check Pods Manifest.lock";
			outputFileListPaths = (
			);
			outputPaths = (
				"$(DERIVED_FILE_DIR)/Pods-dev-Shell-Smart-Ticketing-RetailerTests-checkManifestLockResult.txt",
			);
			runOnlyForDeploymentPostprocessing = 0;
			shellPath = /bin/sh;
			shellScript = "diff \"${PODS_PODFILE_DIR_PATH}/Podfile.lock\" \"${PODS_ROOT}/Manifest.lock\" > /dev/null\nif [ $? != 0 ] ; then\n    # print error to STDERR\n    echo \"error: The sandbox is not in sync with the Podfile.lock. Run 'pod install' or update your CocoaPods installation.\" >&2\n    exit 1\nfi\n# This output is used by Xcode 'outputs' to avoid re-running this script phase.\necho \"SUCCESS\" > \"${SCRIPT_OUTPUT_FILE_0}\"\n";
			showEnvVarsInLog = 0;
		};
/* End PBXShellScriptBuildPhase section */

/* Begin PBXSourcesBuildPhase section */
		AF8C82A82465355F00BE3508 /* Sources */ = {
			isa = PBXSourcesBuildPhase;
			buildActionMask = 2147483647;
			files = (
				A076ED942492568F00993053 /* Connectivity.swift in Sources */,
				A0D7A4B5249094FD0017A0CC /* RestAPIManager.swift in Sources */,
				AF8C82B02465355F00BE3508 /* AppDelegate.swift in Sources */,
				AF68068924851B620078AD6D /* SelectEquipmentLayoutTableViewCell.swift in Sources */,
				AF72758E246AB41F002AD121 /* EmailIdViewController.swift in Sources */,
				A076ED75249246DF00993053 /* LoginRestManager.swift in Sources */,
				A0D7A4BB24909AE00017A0CC /* RestConstants.swift in Sources */,
				A076ED9B24926FF000993053 /* Logger.swift in Sources */,
				A0D7A4B8249099EF0017A0CC /* WorkOrderRestManager.swift in Sources */,
				AFB574F7246D195B0034109A /* OTPViewController.swift in Sources */,
				AF6E4F86247BD216004BD793 /* NewWorkOrderDetailViewController.swift in Sources */,
				A076ED9824925E8D00993053 /* String+Verifier.swift in Sources */,
				AF680695248531F40078AD6D /* TableViewHeader.swift in Sources */,
				A0D7A4C52490A14B0017A0CC /* RegistrationError.swift in Sources */,
				AF72758A246AB3BE002AD121 /* PassWordViewController.swift in Sources */,
				AF706B58248FA00600D97B5E /* UIConstants.swift in Sources */,
				AF6AB0FE2487DA1100E9B712 /* VehicleTypeTableViewCell.swift in Sources */,
				A076ED8A249251CE00993053 /* MBProgressHUD.m in Sources */,
				AF72758C246AB3E9002AD121 /* LogInViewController.swift in Sources */,
				AF959E872477C45B0082076C /* NewWorkOrderViewController.swift in Sources */,
				AF733A97248D48B200284239 /* DefaultTableViewCell.swift in Sources */,
				A076ED7D24924B8100993053 /* User.swift in Sources */,
				A076ED8024924BA900993053 /* UserViewModel.swift in Sources */,
				AF682D40248B781700324D83 /* WorkOrderDetailHeaderCell.swift in Sources */,
				AF68068D24852A310078AD6D /* SelectDispensorCategoryTableViewCell.swift in Sources */,
				AF682D44248B981E00324D83 /* PreliminaryCheckTableViewCell.swift in Sources */,
				AF709839247D16B00046549A /* NewWorkOrderDetailCollectionViewCell.swift in Sources */,
				AF6F03092477FEA400916CDE /* HomeTabBarViewController.swift in Sources */,
				AF680687248517300078AD6D /* SelectEquipmentViewController.swift in Sources */,
				AF6880DA2473F53A00D50BAA /* HomeTableViewCell.swift in Sources */,
				A076ED8324924C2700993053 /* LoginError.swift in Sources */,
				AF682D48248B9F5A00324D83 /* PhotoEvidenceTableViewCell.swift in Sources */,
				A076ED8E2492520F00993053 /* UIViewController+ActivityIndicator.swift in Sources */,
				AF9B5CF1248E79AA003BF73C /* PhotoEvidenceCollectionViewCell.swift in Sources */,
				AF727588246AB385002AD121 /* PhoneNumberViewController.swift in Sources */,
				A076ED91249254A100993053 /* Default.swift in Sources */,
				A076ED7A2492499200993053 /* LoginViewModel.swift in Sources */,
				AF73F5A4248A318400E9D9D6 /* FailureModeTableViewCell.swift in Sources */,
				AF73F5A7248A34A800E9D9D6 /* FailureModeViewController.swift in Sources */,
				AF6880D42473F19900D50BAA /* HomeViewController.swift in Sources */,
				A0D7A4BE2490A0190017A0CC /* CustomError.swift in Sources */,
				AF6AB1012487E15200E9B712 /* SelectedAreaView.swift in Sources */,
				AF8C82B22465355F00BE3508 /* SceneDelegate.swift in Sources */,
				AF8C82BA2465355F00BE3508 /* dev_Shell_Smart_Ticketing_Retailer.xcdatamodeld in Sources */,
				AFB574F9246D19E60034109A /* EmailFVerificationViewController.swift in Sources */,
				AF68069224852E490078AD6D /* DispenserTableViewCell.swift in Sources */,
				AF733A91248D21F600284239 /* NewWorkOrderDetailsViewController.swift in Sources */,
				AF733A94248D367700284239 /* SelectedEquipmentTableViewCell.swift in Sources */,
			);
			runOnlyForDeploymentPostprocessing = 0;
		};
		AF8C82C12465356000BE3508 /* Sources */ = {
			isa = PBXSourcesBuildPhase;
			buildActionMask = 2147483647;
			files = (
				A0D7A4C62490A14B0017A0CC /* RegistrationError.swift in Sources */,
				A076ED8424924C2700993053 /* LoginError.swift in Sources */,
				A076ED952492568F00993053 /* Connectivity.swift in Sources */,
				A0D7A4BF2490A0190017A0CC /* CustomError.swift in Sources */,
				A076ED76249246DF00993053 /* LoginRestManager.swift in Sources */,
				A076ED8124924BA900993053 /* UserViewModel.swift in Sources */,
				A0D7A4B9249099EF0017A0CC /* WorkOrderRestManager.swift in Sources */,
				A076ED7B2492499200993053 /* LoginViewModel.swift in Sources */,
				A076ED9C24926FF000993053 /* Logger.swift in Sources */,
				A076ED8B249251CE00993053 /* MBProgressHUD.m in Sources */,
				A076ED7E24924B8100993053 /* User.swift in Sources */,
				A076ED92249254A100993053 /* Default.swift in Sources */,
				A076ED8F2492520F00993053 /* UIViewController+ActivityIndicator.swift in Sources */,
				A0D7A4BC24909AE00017A0CC /* RestConstants.swift in Sources */,
				A0D7A4B6249094FD0017A0CC /* RestAPIManager.swift in Sources */,
				A076ED9924925E8D00993053 /* String+Verifier.swift in Sources */,
				AF8C82CA2465356000BE3508 /* dev_Shell_Smart_Ticketing_RetailerTests.swift in Sources */,
			);
			runOnlyForDeploymentPostprocessing = 0;
		};
/* End PBXSourcesBuildPhase section */

/* Begin PBXTargetDependency section */
		AF8C82C72465356000BE3508 /* PBXTargetDependency */ = {
			isa = PBXTargetDependency;
			target = AF8C82AB2465355F00BE3508 /* dev-Shell-Smart-Ticketing-Retailer */;
			targetProxy = AF8C82C62465356000BE3508 /* PBXContainerItemProxy */;
		};
/* End PBXTargetDependency section */

/* Begin PBXVariantGroup section */
		AF8C82B52465355F00BE3508 /* Main.storyboard */ = {
			isa = PBXVariantGroup;
			children = (
				AF8C82B62465355F00BE3508 /* Base */,
			);
			name = Main.storyboard;
			sourceTree = "<group>";
		};
		AF8C82BD2465356000BE3508 /* LaunchScreen.storyboard */ = {
			isa = PBXVariantGroup;
			children = (
				AF8C82BE2465356000BE3508 /* Base */,
			);
			name = LaunchScreen.storyboard;
			sourceTree = "<group>";
		};
/* End PBXVariantGroup section */

/* Begin XCBuildConfiguration section */
		AF8C82CC2465356000BE3508 /* Debug */ = {
			isa = XCBuildConfiguration;
			buildSettings = {
				ALWAYS_SEARCH_USER_PATHS = NO;
				CLANG_ANALYZER_NONNULL = YES;
				CLANG_ANALYZER_NUMBER_OBJECT_CONVERSION = YES_AGGRESSIVE;
				CLANG_CXX_LANGUAGE_STANDARD = "gnu++14";
				CLANG_CXX_LIBRARY = "libc++";
				CLANG_ENABLE_MODULES = YES;
				CLANG_ENABLE_OBJC_ARC = YES;
				CLANG_ENABLE_OBJC_WEAK = YES;
				CLANG_WARN_BLOCK_CAPTURE_AUTORELEASING = YES;
				CLANG_WARN_BOOL_CONVERSION = YES;
				CLANG_WARN_COMMA = YES;
				CLANG_WARN_CONSTANT_CONVERSION = YES;
				CLANG_WARN_DEPRECATED_OBJC_IMPLEMENTATIONS = YES;
				CLANG_WARN_DIRECT_OBJC_ISA_USAGE = YES_ERROR;
				CLANG_WARN_DOCUMENTATION_COMMENTS = YES;
				CLANG_WARN_EMPTY_BODY = YES;
				CLANG_WARN_ENUM_CONVERSION = YES;
				CLANG_WARN_INFINITE_RECURSION = YES;
				CLANG_WARN_INT_CONVERSION = YES;
				CLANG_WARN_NON_LITERAL_NULL_CONVERSION = YES;
				CLANG_WARN_OBJC_IMPLICIT_RETAIN_SELF = YES;
				CLANG_WARN_OBJC_LITERAL_CONVERSION = YES;
				CLANG_WARN_OBJC_ROOT_CLASS = YES_ERROR;
				CLANG_WARN_RANGE_LOOP_ANALYSIS = YES;
				CLANG_WARN_STRICT_PROTOTYPES = YES;
				CLANG_WARN_SUSPICIOUS_MOVE = YES;
				CLANG_WARN_UNGUARDED_AVAILABILITY = YES_AGGRESSIVE;
				CLANG_WARN_UNREACHABLE_CODE = YES;
				CLANG_WARN__DUPLICATE_METHOD_MATCH = YES;
				COPY_PHASE_STRIP = NO;
				DEBUG_INFORMATION_FORMAT = dwarf;
				ENABLE_STRICT_OBJC_MSGSEND = YES;
				ENABLE_TESTABILITY = YES;
				GCC_C_LANGUAGE_STANDARD = gnu11;
				GCC_DYNAMIC_NO_PIC = NO;
				GCC_NO_COMMON_BLOCKS = YES;
				GCC_OPTIMIZATION_LEVEL = 0;
				GCC_PREPROCESSOR_DEFINITIONS = (
					"DEBUG=1",
					"$(inherited)",
				);
				GCC_WARN_64_TO_32_BIT_CONVERSION = YES;
				GCC_WARN_ABOUT_RETURN_TYPE = YES_ERROR;
				GCC_WARN_UNDECLARED_SELECTOR = YES;
				GCC_WARN_UNINITIALIZED_AUTOS = YES_AGGRESSIVE;
				GCC_WARN_UNUSED_FUNCTION = YES;
				GCC_WARN_UNUSED_VARIABLE = YES;
				IPHONEOS_DEPLOYMENT_TARGET = 13.2;
				MTL_ENABLE_DEBUG_INFO = INCLUDE_SOURCE;
				MTL_FAST_MATH = YES;
				ONLY_ACTIVE_ARCH = YES;
				SDKROOT = iphoneos;
				SWIFT_ACTIVE_COMPILATION_CONDITIONS = DEBUG;
				SWIFT_OPTIMIZATION_LEVEL = "-Onone";
			};
			name = Debug;
		};
		AF8C82CD2465356000BE3508 /* Release */ = {
			isa = XCBuildConfiguration;
			buildSettings = {
				ALWAYS_SEARCH_USER_PATHS = NO;
				CLANG_ANALYZER_NONNULL = YES;
				CLANG_ANALYZER_NUMBER_OBJECT_CONVERSION = YES_AGGRESSIVE;
				CLANG_CXX_LANGUAGE_STANDARD = "gnu++14";
				CLANG_CXX_LIBRARY = "libc++";
				CLANG_ENABLE_MODULES = YES;
				CLANG_ENABLE_OBJC_ARC = YES;
				CLANG_ENABLE_OBJC_WEAK = YES;
				CLANG_WARN_BLOCK_CAPTURE_AUTORELEASING = YES;
				CLANG_WARN_BOOL_CONVERSION = YES;
				CLANG_WARN_COMMA = YES;
				CLANG_WARN_CONSTANT_CONVERSION = YES;
				CLANG_WARN_DEPRECATED_OBJC_IMPLEMENTATIONS = YES;
				CLANG_WARN_DIRECT_OBJC_ISA_USAGE = YES_ERROR;
				CLANG_WARN_DOCUMENTATION_COMMENTS = YES;
				CLANG_WARN_EMPTY_BODY = YES;
				CLANG_WARN_ENUM_CONVERSION = YES;
				CLANG_WARN_INFINITE_RECURSION = YES;
				CLANG_WARN_INT_CONVERSION = YES;
				CLANG_WARN_NON_LITERAL_NULL_CONVERSION = YES;
				CLANG_WARN_OBJC_IMPLICIT_RETAIN_SELF = YES;
				CLANG_WARN_OBJC_LITERAL_CONVERSION = YES;
				CLANG_WARN_OBJC_ROOT_CLASS = YES_ERROR;
				CLANG_WARN_RANGE_LOOP_ANALYSIS = YES;
				CLANG_WARN_STRICT_PROTOTYPES = YES;
				CLANG_WARN_SUSPICIOUS_MOVE = YES;
				CLANG_WARN_UNGUARDED_AVAILABILITY = YES_AGGRESSIVE;
				CLANG_WARN_UNREACHABLE_CODE = YES;
				CLANG_WARN__DUPLICATE_METHOD_MATCH = YES;
				COPY_PHASE_STRIP = NO;
				DEBUG_INFORMATION_FORMAT = "dwarf-with-dsym";
				ENABLE_NS_ASSERTIONS = NO;
				ENABLE_STRICT_OBJC_MSGSEND = YES;
				GCC_C_LANGUAGE_STANDARD = gnu11;
				GCC_NO_COMMON_BLOCKS = YES;
				GCC_WARN_64_TO_32_BIT_CONVERSION = YES;
				GCC_WARN_ABOUT_RETURN_TYPE = YES_ERROR;
				GCC_WARN_UNDECLARED_SELECTOR = YES;
				GCC_WARN_UNINITIALIZED_AUTOS = YES_AGGRESSIVE;
				GCC_WARN_UNUSED_FUNCTION = YES;
				GCC_WARN_UNUSED_VARIABLE = YES;
				IPHONEOS_DEPLOYMENT_TARGET = 13.2;
				MTL_ENABLE_DEBUG_INFO = NO;
				MTL_FAST_MATH = YES;
				SDKROOT = iphoneos;
				SWIFT_COMPILATION_MODE = wholemodule;
				SWIFT_OPTIMIZATION_LEVEL = "-O";
				VALIDATE_PRODUCT = YES;
			};
			name = Release;
		};
		AF8C82CF2465356000BE3508 /* Debug */ = {
			isa = XCBuildConfiguration;
			baseConfigurationReference = 2AC00EAD8EBFA32D8DB8A1C4 /* Pods-dev-Shell-Smart-Ticketing-Retailer.debug.xcconfig */;
			buildSettings = {
				ASSETCATALOG_COMPILER_APPICON_NAME = AppIcon;
				CLANG_ENABLE_MODULES = YES;
				CODE_SIGN_STYLE = Automatic;
				DEVELOPMENT_TEAM = L7G38S6868;
				INFOPLIST_FILE = "dev-Shell-Smart-Ticketing-Retailer/Info.plist";
				IPHONEOS_DEPLOYMENT_TARGET = 13.0;
				LD_RUNPATH_SEARCH_PATHS = (
					"$(inherited)",
					"@executable_path/Frameworks",
				);
				PRODUCT_BUNDLE_IDENTIFIER = "iOS.dev-Shell-Smart-Ticketing-Retailer";
				PRODUCT_NAME = "$(TARGET_NAME)";
				SWIFT_OBJC_BRIDGING_HEADER = "dev-Shell-Smart-Ticketing-Retailer/Utili/Indicator/dev-Shell-Smart-Ticketing-Retailer-Bridging-Header.h";
				SWIFT_OPTIMIZATION_LEVEL = "-Onone";
				SWIFT_VERSION = 5.0;
				TARGETED_DEVICE_FAMILY = "1,2";
			};
			name = Debug;
		};
		AF8C82D02465356000BE3508 /* Release */ = {
			isa = XCBuildConfiguration;
			baseConfigurationReference = EDEC580829F2B3B7A309BB19 /* Pods-dev-Shell-Smart-Ticketing-Retailer.release.xcconfig */;
			buildSettings = {
				ASSETCATALOG_COMPILER_APPICON_NAME = AppIcon;
				CLANG_ENABLE_MODULES = YES;
				CODE_SIGN_STYLE = Automatic;
				DEVELOPMENT_TEAM = L7G38S6868;
				INFOPLIST_FILE = "dev-Shell-Smart-Ticketing-Retailer/Info.plist";
				IPHONEOS_DEPLOYMENT_TARGET = 13.0;
				LD_RUNPATH_SEARCH_PATHS = (
					"$(inherited)",
					"@executable_path/Frameworks",
				);
				PRODUCT_BUNDLE_IDENTIFIER = "iOS.dev-Shell-Smart-Ticketing-Retailer";
				PRODUCT_NAME = "$(TARGET_NAME)";
				SWIFT_OBJC_BRIDGING_HEADER = "dev-Shell-Smart-Ticketing-Retailer/Utili/Indicator/dev-Shell-Smart-Ticketing-Retailer-Bridging-Header.h";
				SWIFT_VERSION = 5.0;
				TARGETED_DEVICE_FAMILY = "1,2";
			};
			name = Release;
		};
		AF8C82D22465356000BE3508 /* Debug */ = {
			isa = XCBuildConfiguration;
			baseConfigurationReference = D1C6BB639FD2C3C064B7E975 /* Pods-dev-Shell-Smart-Ticketing-RetailerTests.debug.xcconfig */;
			buildSettings = {
				ALWAYS_EMBED_SWIFT_STANDARD_LIBRARIES = YES;
				BUNDLE_LOADER = "$(TEST_HOST)";
				CLANG_ENABLE_MODULES = YES;
				CODE_SIGN_STYLE = Automatic;
				INFOPLIST_FILE = "dev-Shell-Smart-Ticketing-RetailerTests/Info.plist";
				IPHONEOS_DEPLOYMENT_TARGET = 13.2;
				LD_RUNPATH_SEARCH_PATHS = (
					"$(inherited)",
					"@executable_path/Frameworks",
					"@loader_path/Frameworks",
				);
				PRODUCT_BUNDLE_IDENTIFIER = "iOS.dev-Shell-Smart-Ticketing-RetailerTests";
				PRODUCT_NAME = "$(TARGET_NAME)";
				SWIFT_OBJC_BRIDGING_HEADER = "dev-Shell-Smart-Ticketing-Retailer/Utili/Indicator/dev-Shell-Smart-Ticketing-RetailerTests-Bridging-Header.h";
				SWIFT_OPTIMIZATION_LEVEL = "-Onone";
				SWIFT_VERSION = 5.0;
				TARGETED_DEVICE_FAMILY = "1,2";
				TEST_HOST = "$(BUILT_PRODUCTS_DIR)/dev-Shell-Smart-Ticketing-Retailer.app/dev-Shell-Smart-Ticketing-Retailer";
			};
			name = Debug;
		};
		AF8C82D32465356000BE3508 /* Release */ = {
			isa = XCBuildConfiguration;
			baseConfigurationReference = 82C871B285E875BBB6FF4189 /* Pods-dev-Shell-Smart-Ticketing-RetailerTests.release.xcconfig */;
			buildSettings = {
				ALWAYS_EMBED_SWIFT_STANDARD_LIBRARIES = YES;
				BUNDLE_LOADER = "$(TEST_HOST)";
				CLANG_ENABLE_MODULES = YES;
				CODE_SIGN_STYLE = Automatic;
				INFOPLIST_FILE = "dev-Shell-Smart-Ticketing-RetailerTests/Info.plist";
				IPHONEOS_DEPLOYMENT_TARGET = 13.2;
				LD_RUNPATH_SEARCH_PATHS = (
					"$(inherited)",
					"@executable_path/Frameworks",
					"@loader_path/Frameworks",
				);
				PRODUCT_BUNDLE_IDENTIFIER = "iOS.dev-Shell-Smart-Ticketing-RetailerTests";
				PRODUCT_NAME = "$(TARGET_NAME)";
				SWIFT_OBJC_BRIDGING_HEADER = "dev-Shell-Smart-Ticketing-Retailer/Utili/Indicator/dev-Shell-Smart-Ticketing-RetailerTests-Bridging-Header.h";
				SWIFT_VERSION = 5.0;
				TARGETED_DEVICE_FAMILY = "1,2";
				TEST_HOST = "$(BUILT_PRODUCTS_DIR)/dev-Shell-Smart-Ticketing-Retailer.app/dev-Shell-Smart-Ticketing-Retailer";
			};
			name = Release;
		};
/* End XCBuildConfiguration section */

/* Begin XCConfigurationList section */
		AF8C82A72465355F00BE3508 /* Build configuration list for PBXProject "dev-Shell-Smart-Ticketing-Retailer" */ = {
			isa = XCConfigurationList;
			buildConfigurations = (
				AF8C82CC2465356000BE3508 /* Debug */,
				AF8C82CD2465356000BE3508 /* Release */,
			);
			defaultConfigurationIsVisible = 0;
			defaultConfigurationName = Release;
		};
		AF8C82CE2465356000BE3508 /* Build configuration list for PBXNativeTarget "dev-Shell-Smart-Ticketing-Retailer" */ = {
			isa = XCConfigurationList;
			buildConfigurations = (
				AF8C82CF2465356000BE3508 /* Debug */,
				AF8C82D02465356000BE3508 /* Release */,
			);
			defaultConfigurationIsVisible = 0;
			defaultConfigurationName = Release;
		};
		AF8C82D12465356000BE3508 /* Build configuration list for PBXNativeTarget "dev-Shell-Smart-Ticketing-RetailerTests" */ = {
			isa = XCConfigurationList;
			buildConfigurations = (
				AF8C82D22465356000BE3508 /* Debug */,
				AF8C82D32465356000BE3508 /* Release */,
			);
			defaultConfigurationIsVisible = 0;
			defaultConfigurationName = Release;
		};
/* End XCConfigurationList section */

/* Begin XCVersionGroup section */
		AF8C82B82465355F00BE3508 /* dev_Shell_Smart_Ticketing_Retailer.xcdatamodeld */ = {
			isa = XCVersionGroup;
			children = (
				AF8C82B92465355F00BE3508 /* dev_Shell_Smart_Ticketing_Retailer.xcdatamodel */,
			);
			currentVersion = AF8C82B92465355F00BE3508 /* dev_Shell_Smart_Ticketing_Retailer.xcdatamodel */;
			path = dev_Shell_Smart_Ticketing_Retailer.xcdatamodeld;
			sourceTree = "<group>";
			versionGroupType = wrapper.xcdatamodel;
		};
/* End XCVersionGroup section */
	};
	rootObject = AF8C82A42465355F00BE3508 /* Project object */;
}
